// !$*UTF8*$!
{
	archiveVersion = 1;
	classes = {
	};
	objectVersion = 48;
	objects = {

/* Begin PBXBuildFile section */
		373E1CFE1FC3CF58003F486F /* AppDelegate.swift in Sources */ = {isa = PBXBuildFile; fileRef = 373E1CFD1FC3CF58003F486F /* AppDelegate.swift */; };
		373E1D001FC3CF58003F486F /* ViewController.swift in Sources */ = {isa = PBXBuildFile; fileRef = 373E1CFF1FC3CF58003F486F /* ViewController.swift */; };
		373E1D031FC3CF58003F486F /* Main.storyboard in Resources */ = {isa = PBXBuildFile; fileRef = 373E1D011FC3CF58003F486F /* Main.storyboard */; };
		373E1D051FC3CF58003F486F /* Assets.xcassets in Resources */ = {isa = PBXBuildFile; fileRef = 373E1D041FC3CF58003F486F /* Assets.xcassets */; };
		373E1D081FC3CF58003F486F /* LaunchScreen.storyboard in Resources */ = {isa = PBXBuildFile; fileRef = 373E1D061FC3CF58003F486F /* LaunchScreen.storyboard */; };
		373E1D101FC401CF003F486F /* Renderer.swift in Sources */ = {isa = PBXBuildFile; fileRef = 373E1D0F1FC401CF003F486F /* Renderer.swift */; };
		373E1D121FC40A97003F486F /* Shader.metal in Sources */ = {isa = PBXBuildFile; fileRef = 373E1D111FC40A97003F486F /* Shader.metal */; };
/* End PBXBuildFile section */

/* Begin PBXFileReference section */
		373E1CFA1FC3CF58003F486F /* MetalTestDemo1121.app */ = {isa = PBXFileReference; explicitFileType = wrapper.application; includeInIndex = 0; path = MetalTestDemo1121.app; sourceTree = BUILT_PRODUCTS_DIR; };
		373E1CFD1FC3CF58003F486F /* AppDelegate.swift */ = {isa = PBXFileReference; lastKnownFileType = sourcecode.swift; path = AppDelegate.swift; sourceTree = "<group>"; };
		373E1CFF1FC3CF58003F486F /* ViewController.swift */ = {isa = PBXFileReference; lastKnownFileType = sourcecode.swift; path = ViewController.swift; sourceTree = "<group>"; };
		373E1D021FC3CF58003F486F /* Base */ = {isa = PBXFileReference; lastKnownFileType = file.storyboard; name = Base; path = Base.lproj/Main.storyboard; sourceTree = "<group>"; };
		373E1D041FC3CF58003F486F /* Assets.xcassets */ = {isa = PBXFileReference; lastKnownFileType = folder.assetcatalog; path = Assets.xcassets; sourceTree = "<group>"; };
		373E1D071FC3CF58003F486F /* Base */ = {isa = PBXFileReference; lastKnownFileType = file.storyboard; name = Base; path = Base.lproj/LaunchScreen.storyboard; sourceTree = "<group>"; };
		373E1D091FC3CF58003F486F /* Info.plist */ = {isa = PBXFileReference; lastKnownFileType = text.plist.xml; path = Info.plist; sourceTree = "<group>"; };
		373E1D0F1FC401CF003F486F /* Renderer.swift */ = {isa = PBXFileReference; lastKnownFileType = sourcecode.swift; path = Renderer.swift; sourceTree = "<group>"; };
		373E1D111FC40A97003F486F /* Shader.metal */ = {isa = PBXFileReference; lastKnownFileType = sourcecode.metal; path = Shader.metal; sourceTree = "<group>"; };
/* End PBXFileReference section */

/* Begin PBXFrameworksBuildPhase section */
		373E1CF71FC3CF58003F486F /* Frameworks */ = {
			isa = PBXFrameworksBuildPhase;
			buildActionMask = 2147483647;
			files = (
			);
			runOnlyForDeploymentPostprocessing = 0;
		};
/* End PBXFrameworksBuildPhase section */

/* Begin PBXGroup section */
		373E1CF11FC3CF58003F486F = {
			isa = PBXGroup;
			children = (
				373E1CFC1FC3CF58003F486F /* MetalTestDemo1121 */,
				373E1CFB1FC3CF58003F486F /* Products */,
			);
			sourceTree = "<group>";
		};
		373E1CFB1FC3CF58003F486F /* Products */ = {
			isa = PBXGroup;
			children = (
				373E1CFA1FC3CF58003F486F /* MetalTestDemo1121.app */,
			);
			name = Products;
			sourceTree = "<group>";
		};
		373E1CFC1FC3CF58003F486F /* MetalTestDemo1121 */ = {
			isa = PBXGroup;
			children = (
				373E1CFD1FC3CF58003F486F /* AppDelegate.swift */,
				373E1CFF1FC3CF58003F486F /* ViewController.swift */,
				373E1D0F1FC401CF003F486F /* Renderer.swift */,
				373E1D111FC40A97003F486F /* Shader.metal */,
				373E1D011FC3CF58003F486F /* Main.storyboard */,
				373E1D041FC3CF58003F486F /* Assets.xcassets */,
				373E1D061FC3CF58003F486F /* LaunchScreen.storyboard */,
				373E1D091FC3CF58003F486F /* Info.plist */,
			);
			path = MetalTestDemo1121;
			sourceTree = "<group>";
		};
/* End PBXGroup section */

/* Begin PBXNativeTarget section */
		373E1CF91FC3CF58003F486F /* MetalTestDemo1121 */ = {
			isa = PBXNativeTarget;
			buildConfigurationList = 373E1D0C1FC3CF58003F486F /* Build configuration list for PBXNativeTarget "MetalTestDemo1121" */;
			buildPhases = (
				373E1CF61FC3CF58003F486F /* Sources */,
				373E1CF71FC3CF58003F486F /* Frameworks */,
				373E1CF81FC3CF58003F486F /* Resources */,
			);
			buildRules = (
			);
			dependencies = (
			);
			name = MetalTestDemo1121;
			productName = MetalTestDemo1121;
			productReference = 373E1CFA1FC3CF58003F486F /* MetalTestDemo1121.app */;
			productType = "com.apple.product-type.application";
		};
/* End PBXNativeTarget section */

/* Begin PBXProject section */
		373E1CF21FC3CF58003F486F /* Project object */ = {
			isa = PBXProject;
			attributes = {
				LastSwiftUpdateCheck = 0910;
				LastUpgradeCheck = 0910;
				ORGANIZATIONNAME = Brilliance;
				TargetAttributes = {
					373E1CF91FC3CF58003F486F = {
						CreatedOnToolsVersion = 9.1;
						ProvisioningStyle = Automatic;
					};
				};
			};
			buildConfigurationList = 373E1CF51FC3CF58003F486F /* Build configuration list for PBXProject "MetalTestDemo1121" */;
			compatibilityVersion = "Xcode 8.0";
			developmentRegion = en;
			hasScannedForEncodings = 0;
			knownRegions = (
				en,
				Base,
			);
			mainGroup = 373E1CF11FC3CF58003F486F;
			productRefGroup = 373E1CFB1FC3CF58003F486F /* Products */;
			projectDirPath = "";
			projectRoot = "";
			targets = (
				373E1CF91FC3CF58003F486F /* MetalTestDemo1121 */,
			);
		};
/* End PBXProject section */

/* Begin PBXResourcesBuildPhase section */
		373E1CF81FC3CF58003F486F /* Resources */ = {
			isa = PBXResourcesBuildPhase;
			buildActionMask = 2147483647;
			files = (
				373E1D081FC3CF58003F486F /* LaunchScreen.storyboard in Resources */,
				373E1D051FC3CF58003F486F /* Assets.xcassets in Resources */,
				373E1D031FC3CF58003F486F /* Main.storyboard in Resources */,
			);
			runOnlyForDeploymentPostprocessing = 0;
		};
/* End PBXResourcesBuildPhase section */

/* Begin PBXSourcesBuildPhase section */
		373E1CF61FC3CF58003F486F /* Sources */ = {
			isa = PBXSourcesBuildPhase;
			buildActionMask = 2147483647;
			files = (
				373E1D121FC40A97003F486F /* Shader.metal in Sources */,
				373E1D001FC3CF58003F486F /* ViewController.swift in Sources */,
				373E1D101FC401CF003F486F /* Renderer.swift in Sources */,
				373E1CFE1FC3CF58003F486F /* AppDelegate.swift in Sources */,
			);
			runOnlyForDeploymentPostprocessing = 0;
		};
/* End PBXSourcesBuildPhase section */

/* Begin PBXVariantGroup section */
		373E1D011FC3CF58003F486F /* Main.storyboard */ = {
			isa = PBXVariantGroup;
			children = (
				373E1D021FC3CF58003F486F /* Base */,
			);
			name = Main.storyboard;
			sourceTree = "<group>";
		};
		373E1D061FC3CF58003F486F /* LaunchScreen.storyboard */ = {
			isa = PBXVariantGroup;
			children = (
				373E1D071FC3CF58003F486F /* Base */,
			);
			name = LaunchScreen.storyboard;
			sourceTree = "<group>";
		};
/* End PBXVariantGroup section */

/* Begin XCBuildConfiguration section */
		373E1D0A1FC3CF58003F486F /* Debug */ = {
			isa = XCBuildConfiguration;
			buildSettings = {
				ALWAYS_SEARCH_USER_PATHS = NO;
				CLANG_ANALYZER_NONNULL = YES;
				CLANG_ANALYZER_NUMBER_OBJECT_CONVERSION = YES_AGGRESSIVE;
				CLANG_CXX_LANGUAGE_STANDARD = "gnu++14";
				CLANG_CXX_LIBRARY = "libc++";
				CLANG_ENABLE_MODULES = YES;
				CLANG_ENABLE_OBJC_ARC = YES;
				CLANG_WARN_BLOCK_CAPTURE_AUTORELEASING = YES;
				CLANG_WARN_BOOL_CONVERSION = YES;
				CLANG_WARN_COMMA = YES;
				CLANG_WARN_CONSTANT_CONVERSION = YES;
				CLANG_WARN_DIRECT_OBJC_ISA_USAGE = YES_ERROR;
				CLANG_WARN_DOCUMENTATION_COMMENTS = YES;
				CLANG_WARN_EMPTY_BODY = YES;
				CLANG_WARN_ENUM_CONVERSION = YES;
				CLANG_WARN_INFINITE_RECURSION = YES;
				CLANG_WARN_INT_CONVERSION = YES;
				CLANG_WARN_NON_LITERAL_NULL_CONVERSION = YES;
				CLANG_WARN_OBJC_LITERAL_CONVERSION = YES;
				CLANG_WARN_OBJC_ROOT_CLASS = YES_ERROR;
				CLANG_WARN_RANGE_LOOP_ANALYSIS = YES;
				CLANG_WARN_STRICT_PROTOTYPES = YES;
				CLANG_WARN_SUSPICIOUS_MOVE = YES;
				CLANG_WARN_UNGUARDED_AVAILABILITY = YES_AGGRESSIVE;
				CLANG_WARN_UNREACHABLE_CODE = YES;
				CLANG_WARN__DUPLICATE_METHOD_MATCH = YES;
				CODE_SIGN_IDENTITY = "iPhone Developer";
				COPY_PHASE_STRIP = NO;
				DEBUG_INFORMATION_FORMAT = dwarf;
				ENABLE_STRICT_OBJC_MSGSEND = YES;
				ENABLE_TESTABILITY = YES;
				GCC_C_LANGUAGE_STANDARD = gnu11;
				GCC_DYNAMIC_NO_PIC = NO;
				GCC_NO_COMMON_BLOCKS = YES;
				GCC_OPTIMIZATION_LEVEL = 0;
				GCC_PREPROCESSOR_DEFINITIONS = (
					"DEBUG=1",
					"$(inherited)",
				);
				GCC_WARN_64_TO_32_BIT_CONVERSION = YES;
				GCC_WARN_ABOUT_RETURN_TYPE = YES_ERROR;
				GCC_WARN_UNDECLARED_SELECTOR = YES;
				GCC_WARN_UNINITIALIZED_AUTOS = YES_AGGRESSIVE;
				GCC_WARN_UNUSED_FUNCTION = YES;
				GCC_WARN_UNUSED_VARIABLE = YES;
				IPHONEOS_DEPLOYMENT_TARGET = 11.1;
				MTL_ENABLE_DEBUG_INFO = YES;
				ONLY_ACTIVE_ARCH = YES;
				SDKROOT = iphoneos;
				SWIFT_ACTIVE_COMPILATION_CONDITIONS = DEBUG;
				SWIFT_OPTIMIZATION_LEVEL = "-Onone";
			};
			name = Debug;
		};
		373E1D0B1FC3CF58003F486F /* Release */ = {
			isa = XCBuildConfiguration;
			buildSettings = {
				ALWAYS_SEARCH_USER_PATHS = NO;
				CLANG_ANALYZER_NONNULL = YES;
				CLANG_ANALYZER_NUMBER_OBJECT_CONVERSION = YES_AGGRESSIVE;
				CLANG_CXX_LANGUAGE_STANDARD = "gnu++14";
				CLANG_CXX_LIBRARY = "libc++";
				CLANG_ENABLE_MODULES = YES;
				CLANG_ENABLE_OBJC_ARC = YES;
				CLANG_WARN_BLOCK_CAPTURE_AUTORELEASING = YES;
				CLANG_WARN_BOOL_CONVERSION = YES;
				CLANG_WARN_COMMA = YES;
				CLANG_WARN_CONSTANT_CONVERSION = YES;
				CLANG_WARN_DIRECT_OBJC_ISA_USAGE = YES_ERROR;
				CLANG_WARN_DOCUMENTATION_COMMENTS = YES;
				CLANG_WARN_EMPTY_BODY = YES;
				CLANG_WARN_ENUM_CONVERSION = YES;
				CLANG_WARN_INFINITE_RECURSION = YES;
				CLANG_WARN_INT_CONVERSION = YES;
				CLANG_WARN_NON_LITERAL_NULL_CONVERSION = YES;
				CLANG_WARN_OBJC_LITERAL_CONVERSION = YES;
				CLANG_WARN_OBJC_ROOT_CLASS = YES_ERROR;
				CLANG_WARN_RANGE_LOOP_ANALYSIS = YES;
				CLANG_WARN_STRICT_PROTOTYPES = YES;
				CLANG_WARN_SUSPICIOUS_MOVE = YES;
				CLANG_WARN_UNGUARDED_AVAILABILITY = YES_AGGRESSIVE;
				CLANG_WARN_UNREACHABLE_CODE = YES;
				CLANG_WARN__DUPLICATE_METHOD_MATCH = YES;
				CODE_SIGN_IDENTITY = "iPhone Developer";
				COPY_PHASE_STRIP = NO;
				DEBUG_INFORMATION_FORMAT = "dwarf-with-dsym";
				ENABLE_NS_ASSERTIONS = NO;
				ENABLE_STRICT_OBJC_MSGSEND = YES;
				GCC_C_LANGUAGE_STANDARD = gnu11;
				GCC_NO_COMMON_BLOCKS = YES;
				GCC_WARN_64_TO_32_BIT_CONVERSION = YES;
				GCC_WARN_ABOUT_RETURN_TYPE = YES_ERROR;
				GCC_WARN_UNDECLARED_SELECTOR = YES;
				GCC_WARN_UNINITIALIZED_AUTOS = YES_AGGRESSIVE;
				GCC_WARN_UNUSED_FUNCTION = YES;
				GCC_WARN_UNUSED_VARIABLE = YES;
				IPHONEOS_DEPLOYMENT_TARGET = 11.1;
				MTL_ENABLE_DEBUG_INFO = NO;
				SDKROOT = iphoneos;
				SWIFT_OPTIMIZATION_LEVEL = "-Owholemodule";
				VALIDATE_PRODUCT = YES;
			};
			name = Release;
		};
		373E1D0D1FC3CF58003F486F /* Debug */ = {
			isa = XCBuildConfiguration;
			buildSettings = {
				ASSETCATALOG_COMPILER_APPICON_NAME = AppIcon;
				CODE_SIGN_STYLE = Automatic;
				DEVELOPMENT_TEAM = ND4T5C4787;
				INFOPLIST_FILE = MetalTestDemo1121/Info.plist;
				IPHONEOS_DEPLOYMENT_TARGET = 10.0;
				LD_RUNPATH_SEARCH_PATHS = "$(inherited) @executable_path/Frameworks";
				PRODUCT_BUNDLE_IDENTIFIER = cn.Brilliance.MetalTestDemo1121;
				PRODUCT_NAME = "$(TARGET_NAME)";
				SWIFT_VERSION = 4.0;
				TARGETED_DEVICE_FAMILY = "1,2";
			};
			name = Debug;
		};
		373E1D0E1FC3CF58003F486F /* Release */ = {
			isa = XCBuildConfiguration;
			buildSettings = {
				ASSETCATALOG_COMPILER_APPICON_NAME = AppIcon;
				CODE_SIGN_STYLE = Automatic;
				DEVELOPMENT_TEAM = ND4T5C4787;
				INFOPLIST_FILE = MetalTestDemo1121/Info.plist;
				IPHONEOS_DEPLOYMENT_TARGET = 10.0;
				LD_RUNPATH_SEARCH_PATHS = "$(inherited) @executable_path/Frameworks";
				PRODUCT_BUNDLE_IDENTIFIER = cn.Brilliance.MetalTestDemo1121;
				PRODUCT_NAME = "$(TARGET_NAME)";
				SWIFT_VERSION = 4.0;
				TARGETED_DEVICE_FAMILY = "1,2";
			};
			name = Release;
		};
/* End XCBuildConfiguration section */

/* Begin XCConfigurationList section */
		373E1CF51FC3CF58003F486F /* Build configuration list for PBXProject "MetalTestDemo1121" */ = {
			isa = XCConfigurationList;
			buildConfigurations = (
				373E1D0A1FC3CF58003F486F /* Debug */,
				373E1D0B1FC3CF58003F486F /* Release */,
			);
			defaultConfigurationIsVisible = 0;
			defaultConfigurationName = Release;
		};
		373E1D0C1FC3CF58003F486F /* Build configuration list for PBXNativeTarget "MetalTestDemo1121" */ = {
			isa = XCConfigurationList;
			buildConfigurations = (
				373E1D0D1FC3CF58003F486F /* Debug */,
				373E1D0E1FC3CF58003F486F /* Release */,
			);
			defaultConfigurationIsVisible = 0;
			defaultConfigurationName = Release;
		};
/* End XCConfigurationList section */
	};
	rootObject = 373E1CF21FC3CF58003F486F /* Project object */;
}
